
Microsoft Visual Studio Solution File, Format Version 12.00
# Visual Studio Version 17
VisualStudioVersion = 17.14.36915.13 d17.14
MinimumVisualStudioVersion = 10.0.40219.1
Project("{FAE04EC0-301F-11D3-BF4B-00C04F79EFBC}") = "ECRS_WEB", "ECRS_WEB\ECRS_WEB.csproj", "{7B7D7819-FB77-4C41-ACE9-A51FE22987E4}"
EndProject
Project("{FAE04EC0-301F-11D3-BF4B-00C04F79EFBC}") = "ECRS_API", "ECRS_API\ECRS_API.csproj", "{57D8741C-30FB-4DB9-A941-5FEDBFF39D00}"
EndProject
Global
	GlobalSection(SolutionConfigurationPlatforms) = preSolution
		Debug|Any CPU = Debug|Any CPU
		Release|Any CPU = Release|Any CPU
	EndGlobalSection
	GlobalSection(ProjectConfigurationPlatforms) = postSolution
		{7B7D7819-FB77-4C41-ACE9-A51FE22987E4}.Debug|Any CPU.ActiveCfg = Debug|Any CPU
		{7B7D7819-FB77-4C41-ACE9-A51FE22987E4}.Debug|Any CPU.Build.0 = Debug|Any CPU
		{7B7D7819-FB77-4C41-ACE9-A51FE22987E4}.Release|Any CPU.ActiveCfg = Release|Any CPU
		{7B7D7819-FB77-4C41-ACE9-A51FE22987E4}.Release|Any CPU.Build.0 = Release|Any CPU
		{57D8741C-30FB-4DB9-A941-5FEDBFF39D00}.Debug|Any CPU.ActiveCfg = Debug|Any CPU
		{57D8741C-30FB-4DB9-A941-5FEDBFF39D00}.Debug|Any CPU.Build.0 = Debug|Any CPU
		{57D8741C-30FB-4DB9-A941-5FEDBFF39D00}.Release|Any CPU.ActiveCfg = Release|Any CPU
		{57D8741C-30FB-4DB9-A941-5FEDBFF39D00}.Release|Any CPU.Build.0 = Release|Any CPU
	EndGlobalSection
	GlobalSection(SolutionProperties) = preSolution
		HideSolutionNode = FALSE
	EndGlobalSection
	GlobalSection(ExtensibilityGlobals) = postSolution
		SolutionGuid = {7D14D797-A56E-41DC-BA4B-AA2C1CC6EEB6}
	EndGlobalSection
EndGlobal
